
Microsoft Visual Studio Solution File, Format Version 11.00
# Visual Studio 2010
# SharpDevelop 4.4
Project("{FAE04EC0-301F-11D3-BF4B-00C04F79EFBC}") = "Terminal Micros", "Terminal Micros\Terminal Micros.csproj", "{589BCE7E-817A-449C-8693-FA4734BF187A}"
EndProject
Global
	GlobalSection(SolutionConfigurationPlatforms) = preSolution
		Debug|Any CPU = Debug|Any CPU
		Release|Any CPU = Release|Any CPU
	EndGlobalSection
	GlobalSection(ProjectConfigurationPlatforms) = postSolution
		{589BCE7E-817A-449C-8693-FA4734BF187A}.Debug|Any CPU.Build.0 = Debug|Any CPU
		{589BCE7E-817A-449C-8693-FA4734BF187A}.Debug|Any CPU.ActiveCfg = Debug|Any CPU
		{589BCE7E-817A-449C-8693-FA4734BF187A}.Release|Any CPU.Build.0 = Release|Any CPU
		{589BCE7E-817A-449C-8693-FA4734BF187A}.Release|Any CPU.ActiveCfg = Release|Any CPU
	EndGlobalSection
EndGlobal
